
Microsoft Visual Studio Solution File, Format Version 12.00
# Visual Studio Version 16
VisualStudioVersion = 16.0.29230.47
MinimumVisualStudioVersion = 10.0.40219.1
Project("{FAE04EC0-301F-11D3-BF4B-00C04F79EFBC}") = "krishna_shah_n01318294", "krishna_shah_n01318294.csproj", "{0302BB0B-5A40-456A-A85D-E3456EE8376C}"
EndProject
Global
	GlobalSection(SolutionConfigurationPlatforms) = preSolution
		Debug|Any CPU = Debug|Any CPU
		Release|Any CPU = Release|Any CPU
	EndGlobalSection
	GlobalSection(ProjectConfigurationPlatforms) = postSolution
		{0302BB0B-5A40-456A-A85D-E3456EE8376C}.Debug|Any CPU.ActiveCfg = Debug|Any CPU
		{0302BB0B-5A40-456A-A85D-E3456EE8376C}.Debug|Any CPU.Build.0 = Debug|Any CPU
		{0302BB0B-5A40-456A-A85D-E3456EE8376C}.Release|Any CPU.ActiveCfg = Release|Any CPU
		{0302BB0B-5A40-456A-A85D-E3456EE8376C}.Release|Any CPU.Build.0 = Release|Any CPU
	EndGlobalSection
	GlobalSection(SolutionProperties) = preSolution
		HideSolutionNode = FALSE
	EndGlobalSection
	GlobalSection(ExtensibilityGlobals) = postSolution
		SolutionGuid = {8759CECA-B105-4402-808C-F1CA64076A30}
	EndGlobalSection
EndGlobal
